
Microsoft Visual Studio Solution File, Format Version 12.00
# Visual Studio Version 17
VisualStudioVersion = 17.14.36408.4 d17.14
MinimumVisualStudioVersion = 10.0.40219.1
Project("{FAE04EC0-301F-11D3-BF4B-00C04F79EFBC}") = "TorneoPOO_EMANOSALVAS", "TorneoPOO_EMANOSALVAS.csproj", "{193ADBB3-8E1F-45BB-9348-4D9FA585C6D4}"
EndProject
Global
	GlobalSection(SolutionConfigurationPlatforms) = preSolution
		Debug|Any CPU = Debug|Any CPU
		Release|Any CPU = Release|Any CPU
	EndGlobalSection
	GlobalSection(ProjectConfigurationPlatforms) = postSolution
		{193ADBB3-8E1F-45BB-9348-4D9FA585C6D4}.Debug|Any CPU.ActiveCfg = Debug|Any CPU
		{193ADBB3-8E1F-45BB-9348-4D9FA585C6D4}.Debug|Any CPU.Build.0 = Debug|Any CPU
		{193ADBB3-8E1F-45BB-9348-4D9FA585C6D4}.Release|Any CPU.ActiveCfg = Release|Any CPU
		{193ADBB3-8E1F-45BB-9348-4D9FA585C6D4}.Release|Any CPU.Build.0 = Release|Any CPU
	EndGlobalSection
	GlobalSection(SolutionProperties) = preSolution
		HideSolutionNode = FALSE
	EndGlobalSection
	GlobalSection(ExtensibilityGlobals) = postSolution
		SolutionGuid = {38D2AD04-5893-46B1-89B4-EF3F15A73070}
	EndGlobalSection
EndGlobal
